// !$*UTF8*$!
{
	archiveVersion = 1;
	classes = {
	};
	objectVersion = 77;
	objects = {

/* Begin PBXBuildFile section */
		3041B78D4C15A8966B3D2460 /* AppFeature in Frameworks */ = {isa = PBXBuildFile; productRef = A67BD154B7CFF0B05EB44CD5 /* AppFeature */; };
		76A2406B6FE3D8A7E9E0FB17 /* DesignSystem in Frameworks */ = {isa = PBXBuildFile; productRef = EFD970C42E1F1E6EDE43FC98 /* DesignSystem */; };
		AA57C0DE0000000000000003 /* AppStorageKeys in Frameworks */ = {isa = PBXBuildFile; productRef = AA57C0DE0000000000000002 /* AppStorageKeys */; };
		AA57C0DE000000000000010C /* CoreModels in Frameworks */ = {isa = PBXBuildFile; productRef = AA57C0DE000000000000010B /* CoreModels */; };
		AA57C0DE000000000000010F /* Localization in Frameworks */ = {isa = PBXBuildFile; productRef = AA57C0DE000000000000010E /* Localization */; };
/* End PBXBuildFile section */

/* Begin PBXContainerItemProxy section */
		AA57C0DE0000000000000106 /* PBXContainerItemProxy */ = {
			isa = PBXContainerItemProxy;
			containerPortal = 292E4690303C3E8F003CDCA4 /* Project object */;
			proxyType = 1;
			remoteGlobalIDString = 292E4697303C3E8F003CDCA4;
			remoteInfo = NextExplorer;
		};
/* End PBXContainerItemProxy section */

/* Begin PBXFileReference section */
		292E4698303C3E8F003CDCA4 /* NextExplorer.app */ = {isa = PBXFileReference; explicitFileType = wrapper.application; includeInIndex = 0; path = NextExplorer.app; sourceTree = BUILT_PRODUCTS_DIR; };
		AA57C0DE0000000000000101 /* NextExplorerUITests.xctest */ = {isa = PBXFileReference; explicitFileType = wrapper.cfbundle; includeInIndex = 0; path = NextExplorerUITests.xctest; sourceTree = BUILT_PRODUCTS_DIR; };
/* End PBXFileReference section */

/* Begin PBXFileSystemSynchronizedBuildFileExceptionSet section */
		50AB93F3F4871331BFEBC085 /* Exceptions for "NextExplorer" folder in "NextExplorer" target */ = {
			isa = PBXFileSystemSynchronizedBuildFileExceptionSet;
			membershipExceptions = (
				Info.plist,
			);
			target = 292E4697303C3E8F003CDCA4 /* NextExplorer */;
		};
/* End PBXFileSystemSynchronizedBuildFileExceptionSet section */

/* Begin PBXFileSystemSynchronizedRootGroup section */
		292E469A303C3E8F003CDCA4 /* NextExplorer */ = {
			isa = PBXFileSystemSynchronizedRootGroup;
			exceptions = (
				50AB93F3F4871331BFEBC085 /* Exceptions for "NextExplorer" folder in "NextExplorer" target */,
			);
			path = NextExplorer;
			sourceTree = "<group>";
		};
		AA57C0DE0000000000000102 /* NextExplorerUITests */ = {
			isa = PBXFileSystemSynchronizedRootGroup;
			path = NextExplorerUITests;
			sourceTree = "<group>";
		};
/* End PBXFileSystemSynchronizedRootGroup section */

/* Begin PBXFrameworksBuildPhase section */
		292E4695303C3E8F003CDCA4 /* Frameworks */ = {
			isa = PBXFrameworksBuildPhase;
			buildActionMask = 2147483647;
			files = (
				3041B78D4C15A8966B3D2460 /* AppFeature in Frameworks */,
				76A2406B6FE3D8A7E9E0FB17 /* DesignSystem in Frameworks */,
				AA57C0DE0000000000000003 /* AppStorageKeys in Frameworks */,
			);
			runOnlyForDeploymentPostprocessing = 0;
		};
		AA57C0DE0000000000000104 /* Frameworks */ = {
			isa = PBXFrameworksBuildPhase;
			buildActionMask = 2147483647;
			files = (
				AA57C0DE000000000000010C /* CoreModels in Frameworks */,
				AA57C0DE000000000000010F /* Localization in Frameworks */,
			);
			runOnlyForDeploymentPostprocessing = 0;
		};
/* End PBXFrameworksBuildPhase section */

/* Begin PBXGroup section */
		292E468F303C3E8F003CDCA4 = {
			isa = PBXGroup;
			children = (
				292E469A303C3E8F003CDCA4 /* NextExplorer */,
				AA57C0DE0000000000000102 /* NextExplorerUITests */,
				292E4699303C3E8F003CDCA4 /* Products */,
			);
			sourceTree = "<group>";
		};
		292E4699303C3E8F003CDCA4 /* Products */ = {
			isa = PBXGroup;
			children = (
				292E4698303C3E8F003CDCA4 /* NextExplorer.app */,
				AA57C0DE0000000000000101 /* NextExplorerUITests.xctest */,
			);
			name = Products;
			sourceTree = "<group>";
		};
/* End PBXGroup section */

/* Begin PBXNativeTarget section */
		292E4697303C3E8F003CDCA4 /* NextExplorer */ = {
			isa = PBXNativeTarget;
			buildConfigurationList = 292E46B9303C3E92003CDCA4 /* Build configuration list for PBXNativeTarget "NextExplorer" */;
			buildPhases = (
				292E4694303C3E8F003CDCA4 /* Sources */,
				292E4695303C3E8F003CDCA4 /* Frameworks */,
				292E4696303C3E8F003CDCA4 /* Resources */,
				AA57C0DE0000000000000011 /* Set build number from git */,
				AA57C0DE0000000000000010 /* SwiftFormat and SwiftLint */,
			);
			buildRules = (
			);
			dependencies = (
			);
			fileSystemSynchronizedGroups = (
				292E469A303C3E8F003CDCA4 /* NextExplorer */,
			);
			name = NextExplorer;
			packageProductDependencies = (
				A67BD154B7CFF0B05EB44CD5 /* AppFeature */,
				EFD970C42E1F1E6EDE43FC98 /* DesignSystem */,
				AA57C0DE0000000000000002 /* AppStorageKeys */,
			);
			productName = NextExplorer;
			productReference = 292E4698303C3E8F003CDCA4 /* NextExplorer.app */;
			productType = "com.apple.product-type.application";
		};
		AA57C0DE0000000000000100 /* NextExplorerUITests */ = {
			isa = PBXNativeTarget;
			buildConfigurationList = AA57C0DE0000000000000108 /* Build configuration list for PBXNativeTarget "NextExplorerUITests" */;
			buildPhases = (
				AA57C0DE0000000000000103 /* Sources */,
				AA57C0DE0000000000000104 /* Frameworks */,
				AA57C0DE0000000000000105 /* Resources */,
			);
			buildRules = (
			);
			dependencies = (
				AA57C0DE0000000000000107 /* PBXTargetDependency */,
			);
			fileSystemSynchronizedGroups = (
				AA57C0DE0000000000000102 /* NextExplorerUITests */,
			);
			name = NextExplorerUITests;
			packageProductDependencies = (
				AA57C0DE000000000000010B /* CoreModels */,
				AA57C0DE000000000000010E /* Localization */,
			);
			productName = NextExplorerUITests;
			productReference = AA57C0DE0000000000000101 /* NextExplorerUITests.xctest */;
			productType = "com.apple.product-type.bundle.ui-testing";
		};
/* End PBXNativeTarget section */

/* Begin PBXProject section */
		292E4690303C3E8F003CDCA4 /* Project object */ = {
			isa = PBXProject;
			attributes = {
				BuildIndependentTargetsInParallel = 1;
				LastSwiftUpdateCheck = 2640;
				LastUpgradeCheck = 2640;
				TargetAttributes = {
					292E4697303C3E8F003CDCA4 = {
						CreatedOnToolsVersion = 26.4;
					};
					AA57C0DE0000000000000100 = {
						CreatedOnToolsVersion = 26.4;
						TestTargetID = 292E4697303C3E8F003CDCA4;
					};
				};
			};
			buildConfigurationList = 292E4693303C3E8F003CDCA4 /* Build configuration list for PBXProject "NextExplorer" */;
			developmentRegion = en;
			hasScannedForEncodings = 0;
			knownRegions = (
				en,
				Base,
			);
			mainGroup = 292E468F303C3E8F003CDCA4;
			minimizedProjectReferenceProxies = 1;
			packageReferences = (
				974951B43C4BA4F4EB913E77 /* XCLocalSwiftPackageReference "Packages/CoreModels" */,
				4CB0BCF0DA0D9B06379E20D7 /* XCLocalSwiftPackageReference "Packages/Keychain" */,
				328B4D9CFDCDDEF5EA68C834 /* XCLocalSwiftPackageReference "Packages/NetworkClient" */,
				2262B3C431D1F80C73A29A8A /* XCLocalSwiftPackageReference "Packages/AuthClient" */,
				122B8DE38658B12B0855A82A /* XCLocalSwiftPackageReference "Packages/AuthFeature" */,
				90FCD94F32F3B857A85228E6 /* XCLocalSwiftPackageReference "Packages/AppFeature" */,
				35246AB1105AFACBA9A20B9E /* XCLocalSwiftPackageReference "Packages/DesignSystem" */,
				AA57C0DE0000000000000001 /* XCLocalSwiftPackageReference "Packages/AppStorageKeys" */,
				AA57C0DE000000000000010D /* XCLocalSwiftPackageReference "Packages/Localization" */,
			);
			preferredProjectObjectVersion = 77;
			productRefGroup = 292E4699303C3E8F003CDCA4 /* Products */;
			projectDirPath = "";
			projectRoot = "";
			targets = (
				292E4697303C3E8F003CDCA4 /* NextExplorer */,
				AA57C0DE0000000000000100 /* NextExplorerUITests */,
			);
		};
/* End PBXProject section */

/* Begin PBXResourcesBuildPhase section */
		292E4696303C3E8F003CDCA4 /* Resources */ = {
			isa = PBXResourcesBuildPhase;
			buildActionMask = 2147483647;
			files = (
			);
			runOnlyForDeploymentPostprocessing = 0;
		};
		AA57C0DE0000000000000105 /* Resources */ = {
			isa = PBXResourcesBuildPhase;
			buildActionMask = 2147483647;
			files = (
			);
			runOnlyForDeploymentPostprocessing = 0;
		};
/* End PBXResourcesBuildPhase section */

/* Begin PBXShellScriptBuildPhase section */
		AA57C0DE0000000000000010 /* SwiftFormat and SwiftLint */ = {
			isa = PBXShellScriptBuildPhase;
			alwaysOutOfDate = 1;
			buildActionMask = 2147483647;
			files = (
			);
			inputFileListPaths = (
			);
			inputPaths = (
			);
			name = "SwiftFormat and SwiftLint";
			outputFileListPaths = (
			);
			outputPaths = (
			);
			runOnlyForDeploymentPostprocessing = 0;
			shellPath = /bin/sh;
			shellScript = "export PATH=\"$PATH:/opt/homebrew/bin:/usr/local/bin\"\nif which swiftformat >/dev/null 2>&1; then\n  swiftformat \"$SRCROOT\" --quiet\nelse\n  echo \"warning: SwiftFormat not installed. Run 'brew install swiftformat'.\"\nfi\nif which swiftlint >/dev/null 2>&1; then\n  swiftlint lint --quiet\nelse\n  echo \"warning: SwiftLint not installed. Run 'brew install swiftlint'.\"\nfi\n";
		};
		AA57C0DE0000000000000011 /* Set build number from git */ = {
			isa = PBXShellScriptBuildPhase;
			alwaysOutOfDate = 1;
			buildActionMask = 2147483647;
			files = (
			);
			inputFileListPaths = (
			);
			inputPaths = (
			);
			name = "Set build number from git";
			outputFileListPaths = (
			);
			outputPaths = (
			);
			runOnlyForDeploymentPostprocessing = 0;
			shellPath = /bin/sh;
			shellScript = "# Stamp CFBundleVersion with the git commit count so every build gets a\n# unique, monotonically increasing build number without editing the project.\nbuild_number=$(git -C \"$SRCROOT\" rev-list --count HEAD 2>/dev/null)\nif [ -z \"$build_number\" ]; then\n  echo \"warning: not a git checkout, keeping CURRENT_PROJECT_VERSION=$CURRENT_PROJECT_VERSION\"\n  exit 0\nfi\nplist=\"$TARGET_BUILD_DIR/$INFOPLIST_PATH\"\nif [ -f \"$plist\" ]; then\n  /usr/libexec/PlistBuddy -c \"Set :CFBundleVersion $build_number\" \"$plist\"\n  echo \"Set build number to $build_number\"\nfi\n";
		};
/* End PBXShellScriptBuildPhase section */

/* Begin PBXSourcesBuildPhase section */
		292E4694303C3E8F003CDCA4 /* Sources */ = {
			isa = PBXSourcesBuildPhase;
			buildActionMask = 2147483647;
			files = (
			);
			runOnlyForDeploymentPostprocessing = 0;
		};
		AA57C0DE0000000000000103 /* Sources */ = {
			isa = PBXSourcesBuildPhase;
			buildActionMask = 2147483647;
			files = (
			);
			runOnlyForDeploymentPostprocessing = 0;
		};
/* End PBXSourcesBuildPhase section */

/* Begin PBXTargetDependency section */
		AA57C0DE0000000000000107 /* PBXTargetDependency */ = {
			isa = PBXTargetDependency;
			target = 292E4697303C3E8F003CDCA4 /* NextExplorer */;
			targetProxy = AA57C0DE0000000000000106 /* PBXContainerItemProxy */;
		};
/* End PBXTargetDependency section */

/* Begin XCBuildConfiguration section */
		292E46B7303C3E92003CDCA4 /* Debug */ = {
			isa = XCBuildConfiguration;
			buildSettings = {
				ALWAYS_SEARCH_USER_PATHS = NO;
				ASSETCATALOG_COMPILER_GENERATE_SWIFT_ASSET_SYMBOL_EXTENSIONS = YES;
				CLANG_ANALYZER_NONNULL = YES;
				CLANG_ANALYZER_NUMBER_OBJECT_CONVERSION = YES_AGGRESSIVE;
				CLANG_CXX_LANGUAGE_STANDARD = "gnu++20";
				CLANG_ENABLE_MODULES = YES;
				CLANG_ENABLE_OBJC_ARC = YES;
				CLANG_ENABLE_OBJC_WEAK = YES;
				CLANG_WARN_BLOCK_CAPTURE_AUTORELEASING = YES;
				CLANG_WARN_BOOL_CONVERSION = YES;
				CLANG_WARN_COMMA = YES;
				CLANG_WARN_CONSTANT_CONVERSION = YES;
				CLANG_WARN_DEPRECATED_OBJC_IMPLEMENTATIONS = YES;
				CLANG_WARN_DIRECT_OBJC_ISA_USAGE = YES_ERROR;
				CLANG_WARN_DOCUMENTATION_COMMENTS = YES;
				CLANG_WARN_EMPTY_BODY = YES;
				CLANG_WARN_ENUM_CONVERSION = YES;
				CLANG_WARN_INFINITE_RECURSION = YES;
				CLANG_WARN_INT_CONVERSION = YES;
				CLANG_WARN_NON_LITERAL_NULL_CONVERSION = YES;
				CLANG_WARN_OBJC_IMPLICIT_RETAIN_SELF = YES;
				CLANG_WARN_OBJC_LITERAL_CONVERSION = YES;
				CLANG_WARN_OBJC_ROOT_CLASS = YES_ERROR;
				CLANG_WARN_QUOTED_INCLUDE_IN_FRAMEWORK_HEADER = YES;
				CLANG_WARN_RANGE_LOOP_ANALYSIS = YES;
				CLANG_WARN_STRICT_PROTOTYPES = YES;
				CLANG_WARN_SUSPICIOUS_MOVE = YES;
				CLANG_WARN_UNGUARDED_AVAILABILITY = YES_AGGRESSIVE;
				CLANG_WARN_UNREACHABLE_CODE = YES;
				CLANG_WARN__DUPLICATE_METHOD_MATCH = YES;
				COPY_PHASE_STRIP = NO;
				DEBUG_INFORMATION_FORMAT = dwarf;
				DEVELOPMENT_TEAM = QPF699J5LK;
				ENABLE_STRICT_OBJC_MSGSEND = YES;
				ENABLE_TESTABILITY = YES;
				ENABLE_USER_SCRIPT_SANDBOXING = NO;
				GCC_C_LANGUAGE_STANDARD = gnu17;
				GCC_DYNAMIC_NO_PIC = NO;
				GCC_NO_COMMON_BLOCKS = YES;
				GCC_OPTIMIZATION_LEVEL = 0;
				GCC_PREPROCESSOR_DEFINITIONS = (
					"DEBUG=1",
					"$(inherited)",
				);
				GCC_WARN_64_TO_32_BIT_CONVERSION = YES;
				GCC_WARN_ABOUT_RETURN_TYPE = YES_ERROR;
				GCC_WARN_UNDECLARED_SELECTOR = YES;
				GCC_WARN_UNINITIALIZED_AUTOS = YES_AGGRESSIVE;
				GCC_WARN_UNUSED_FUNCTION = YES;
				GCC_WARN_UNUSED_VARIABLE = YES;
				IPHONEOS_DEPLOYMENT_TARGET = 18.0;
				LOCALIZATION_PREFERS_STRING_CATALOGS = YES;
				MTL_ENABLE_DEBUG_INFO = INCLUDE_SOURCE;
				MTL_FAST_MATH = YES;
				ONLY_ACTIVE_ARCH = YES;
				SDKROOT = iphoneos;
				SWIFT_ACTIVE_COMPILATION_CONDITIONS = "DEBUG $(inherited)";
				SWIFT_OPTIMIZATION_LEVEL = "-Onone";
			};
			name = Debug;
		};
		292E46B8303C3E92003CDCA4 /* Release */ = {
			isa = XCBuildConfiguration;
			buildSettings = {
				ALWAYS_SEARCH_USER_PATHS = NO;
				ASSETCATALOG_COMPILER_GENERATE_SWIFT_ASSET_SYMBOL_EXTENSIONS = YES;
				CLANG_ANALYZER_NONNULL = YES;
				CLANG_ANALYZER_NUMBER_OBJECT_CONVERSION = YES_AGGRESSIVE;
				CLANG_CXX_LANGUAGE_STANDARD = "gnu++20";
				CLANG_ENABLE_MODULES = YES;
				CLANG_ENABLE_OBJC_ARC = YES;
				CLANG_ENABLE_OBJC_WEAK = YES;
				CLANG_WARN_BLOCK_CAPTURE_AUTORELEASING = YES;
				CLANG_WARN_BOOL_CONVERSION = YES;
				CLANG_WARN_COMMA = YES;
				CLANG_WARN_CONSTANT_CONVERSION = YES;
				CLANG_WARN_DEPRECATED_OBJC_IMPLEMENTATIONS = YES;
				CLANG_WARN_DIRECT_OBJC_ISA_USAGE = YES_ERROR;
				CLANG_WARN_DOCUMENTATION_COMMENTS = YES;
				CLANG_WARN_EMPTY_BODY = YES;
				CLANG_WARN_ENUM_CONVERSION = YES;
				CLANG_WARN_INFINITE_RECURSION = YES;
				CLANG_WARN_INT_CONVERSION = YES;
				CLANG_WARN_NON_LITERAL_NULL_CONVERSION = YES;
				CLANG_WARN_OBJC_IMPLICIT_RETAIN_SELF = YES;
				CLANG_WARN_OBJC_LITERAL_CONVERSION = YES;
				CLANG_WARN_OBJC_ROOT_CLASS = YES_ERROR;
				CLANG_WARN_QUOTED_INCLUDE_IN_FRAMEWORK_HEADER = YES;
				CLANG_WARN_RANGE_LOOP_ANALYSIS = YES;
				CLANG_WARN_STRICT_PROTOTYPES = YES;
				CLANG_WARN_SUSPICIOUS_MOVE = YES;
				CLANG_WARN_UNGUARDED_AVAILABILITY = YES_AGGRESSIVE;
				CLANG_WARN_UNREACHABLE_CODE = YES;
				CLANG_WARN__DUPLICATE_METHOD_MATCH = YES;
				COPY_PHASE_STRIP = NO;
				DEBUG_INFORMATION_FORMAT = "dwarf-with-dsym";
				DEVELOPMENT_TEAM = QPF699J5LK;
				ENABLE_NS_ASSERTIONS = NO;
				ENABLE_STRICT_OBJC_MSGSEND = YES;
				ENABLE_USER_SCRIPT_SANDBOXING = NO;
				GCC_C_LANGUAGE_STANDARD = gnu17;
				GCC_NO_COMMON_BLOCKS = YES;
				GCC_WARN_64_TO_32_BIT_CONVERSION = YES;
				GCC_WARN_ABOUT_RETURN_TYPE = YES_ERROR;
				GCC_WARN_UNDECLARED_SELECTOR = YES;
				GCC_WARN_UNINITIALIZED_AUTOS = YES_AGGRESSIVE;
				GCC_WARN_UNUSED_FUNCTION = YES;
				GCC_WARN_UNUSED_VARIABLE = YES;
				IPHONEOS_DEPLOYMENT_TARGET = 18.0;
				LOCALIZATION_PREFERS_STRING_CATALOGS = YES;
				MTL_ENABLE_DEBUG_INFO = NO;
				MTL_FAST_MATH = YES;
				SDKROOT = iphoneos;
				SWIFT_COMPILATION_MODE = wholemodule;
				VALIDATE_PRODUCT = YES;
			};
			name = Release;
		};
		292E46BA303C3E92003CDCA4 /* Debug */ = {
			isa = XCBuildConfiguration;
			buildSettings = {
				ASSETCATALOG_COMPILER_APPICON_NAME = AppIcon;
				ASSETCATALOG_COMPILER_INCLUDE_ALL_APPICON_ASSETS = YES;
				CODE_SIGN_IDENTITY = "Apple Development";
				CODE_SIGN_STYLE = Automatic;
				CURRENT_PROJECT_VERSION = 3;
				DEVELOPMENT_TEAM = M6Z6ZM2HY8;
				ENABLE_PREVIEWS = YES;
				INFOPLIST_FILE = NextExplorer/Info.plist;
				INFOPLIST_KEY_LSApplicationCategoryType = "public.app-category.utilities";
				LD_RUNPATH_SEARCH_PATHS = (
					"$(inherited)",
					"@executable_path/Frameworks",
				);
				MARKETING_VERSION = 1.0.2;
				PRODUCT_BUNDLE_IDENTIFIER = com.phillipmaizza.nextexplorer;
				PRODUCT_NAME = "$(TARGET_NAME)";
				PROVISIONING_PROFILE_SPECIFIER = "";
				STRING_CATALOG_GENERATE_SYMBOLS = YES;
				SUPPORTED_PLATFORMS = "iphoneos iphonesimulator";
				SUPPORTS_MACCATALYST = NO;
				SUPPORTS_MAC_DESIGNED_FOR_IPHONE_IPAD = NO;
				SUPPORTS_XR_DESIGNED_FOR_IPHONE_IPAD = NO;
				SWIFT_APPROACHABLE_CONCURRENCY = YES;
				SWIFT_DEFAULT_ACTOR_ISOLATION = MainActor;
				SWIFT_EMIT_LOC_STRINGS = YES;
				SWIFT_UPCOMING_FEATURE_MEMBER_IMPORT_VISIBILITY = YES;
				SWIFT_VERSION = 5.0;
				TARGETED_DEVICE_FAMILY = "1,2";
			};
			name = Debug;
		};
		292E46BB303C3E92003CDCA4 /* Release */ = {
			isa = XCBuildConfiguration;
			buildSettings = {
				ASSETCATALOG_COMPILER_APPICON_NAME = AppIcon;
				ASSETCATALOG_COMPILER_INCLUDE_ALL_APPICON_ASSETS = YES;
				CODE_SIGN_IDENTITY = "Apple Development";
				CODE_SIGN_STYLE = Automatic;
				CURRENT_PROJECT_VERSION = 3;
				DEVELOPMENT_TEAM = M6Z6ZM2HY8;
				ENABLE_PREVIEWS = YES;
				INFOPLIST_FILE = NextExplorer/Info.plist;
				INFOPLIST_KEY_LSApplicationCategoryType = "public.app-category.utilities";
				LD_RUNPATH_SEARCH_PATHS = (
					"$(inherited)",
					"@executable_path/Frameworks",
				);
				MARKETING_VERSION = 1.0.2;
				PRODUCT_BUNDLE_IDENTIFIER = com.phillipmaizza.nextexplorer;
				PRODUCT_NAME = "$(TARGET_NAME)";
				PROVISIONING_PROFILE_SPECIFIER = "";
				STRING_CATALOG_GENERATE_SYMBOLS = YES;
				SUPPORTED_PLATFORMS = "iphoneos iphonesimulator";
				SUPPORTS_MACCATALYST = NO;
				SUPPORTS_MAC_DESIGNED_FOR_IPHONE_IPAD = NO;
				SUPPORTS_XR_DESIGNED_FOR_IPHONE_IPAD = NO;
				SWIFT_APPROACHABLE_CONCURRENCY = YES;
				SWIFT_DEFAULT_ACTOR_ISOLATION = MainActor;
				SWIFT_EMIT_LOC_STRINGS = YES;
				SWIFT_UPCOMING_FEATURE_MEMBER_IMPORT_VISIBILITY = YES;
				SWIFT_VERSION = 5.0;
				TARGETED_DEVICE_FAMILY = "1,2";
			};
			name = Release;
		};
		AA57C0DE0000000000000109 /* Debug */ = {
			isa = XCBuildConfiguration;
			buildSettings = {
				CODE_SIGN_STYLE = Automatic;
				CURRENT_PROJECT_VERSION = 1;
				DEVELOPMENT_TEAM = M6Z6ZM2HY8;
				GENERATE_INFOPLIST_FILE = YES;
				IPHONEOS_DEPLOYMENT_TARGET = 18.0;
				MARKETING_VERSION = 1.0;
				PRODUCT_BUNDLE_IDENTIFIER = com.phillipmaizza.nextexplorer.uitests;
				PRODUCT_NAME = "$(TARGET_NAME)";
				SDKROOT = iphoneos;
				SUPPORTED_PLATFORMS = "iphoneos iphonesimulator";
				SWIFT_EMIT_LOC_STRINGS = NO;
				SWIFT_VERSION = 5.0;
				TARGETED_DEVICE_FAMILY = "1,2";
				TEST_TARGET_NAME = NextExplorer;
			};
			name = Debug;
		};
		AA57C0DE000000000000010A /* Release */ = {
			isa = XCBuildConfiguration;
			buildSettings = {
				CODE_SIGN_STYLE = Automatic;
				CURRENT_PROJECT_VERSION = 1;
				DEVELOPMENT_TEAM = M6Z6ZM2HY8;
				GENERATE_INFOPLIST_FILE = YES;
				IPHONEOS_DEPLOYMENT_TARGET = 18.0;
				MARKETING_VERSION = 1.0;
				PRODUCT_BUNDLE_IDENTIFIER = com.phillipmaizza.nextexplorer.uitests;
				PRODUCT_NAME = "$(TARGET_NAME)";
				SDKROOT = iphoneos;
				SUPPORTED_PLATFORMS = "iphoneos iphonesimulator";
				SWIFT_EMIT_LOC_STRINGS = NO;
				SWIFT_VERSION = 5.0;
				TARGETED_DEVICE_FAMILY = "1,2";
				TEST_TARGET_NAME = NextExplorer;
			};
			name = Release;
		};
/* End XCBuildConfiguration section */

/* Begin XCConfigurationList section */
		292E4693303C3E8F003CDCA4 /* Build configuration list for PBXProject "NextExplorer" */ = {
			isa = XCConfigurationList;
			buildConfigurations = (
				292E46B7303C3E92003CDCA4 /* Debug */,
				292E46B8303C3E92003CDCA4 /* Release */,
			);
			defaultConfigurationIsVisible = 0;
			defaultConfigurationName = Release;
		};
		292E46B9303C3E92003CDCA4 /* Build configuration list for PBXNativeTarget "NextExplorer" */ = {
			isa = XCConfigurationList;
			buildConfigurations = (
				292E46BA303C3E92003CDCA4 /* Debug */,
				292E46BB303C3E92003CDCA4 /* Release */,
			);
			defaultConfigurationIsVisible = 0;
			defaultConfigurationName = Release;
		};
		AA57C0DE0000000000000108 /* Build configuration list for PBXNativeTarget "NextExplorerUITests" */ = {
			isa = XCConfigurationList;
			buildConfigurations = (
				AA57C0DE0000000000000109 /* Debug */,
				AA57C0DE000000000000010A /* Release */,
			);
			defaultConfigurationIsVisible = 0;
			defaultConfigurationName = Release;
		};
/* End XCConfigurationList section */

/* Begin XCLocalSwiftPackageReference section */
		122B8DE38658B12B0855A82A /* XCLocalSwiftPackageReference "Packages/AuthFeature" */ = {
			isa = XCLocalSwiftPackageReference;
			relativePath = Packages/AuthFeature;
		};
		2262B3C431D1F80C73A29A8A /* XCLocalSwiftPackageReference "Packages/AuthClient" */ = {
			isa = XCLocalSwiftPackageReference;
			relativePath = Packages/AuthClient;
		};
		328B4D9CFDCDDEF5EA68C834 /* XCLocalSwiftPackageReference "Packages/NetworkClient" */ = {
			isa = XCLocalSwiftPackageReference;
			relativePath = Packages/NetworkClient;
		};
		35246AB1105AFACBA9A20B9E /* XCLocalSwiftPackageReference "Packages/DesignSystem" */ = {
			isa = XCLocalSwiftPackageReference;
			relativePath = Packages/DesignSystem;
		};
		4CB0BCF0DA0D9B06379E20D7 /* XCLocalSwiftPackageReference "Packages/Keychain" */ = {
			isa = XCLocalSwiftPackageReference;
			relativePath = Packages/Keychain;
		};
		90FCD94F32F3B857A85228E6 /* XCLocalSwiftPackageReference "Packages/AppFeature" */ = {
			isa = XCLocalSwiftPackageReference;
			relativePath = Packages/AppFeature;
		};
		974951B43C4BA4F4EB913E77 /* XCLocalSwiftPackageReference "Packages/CoreModels" */ = {
			isa = XCLocalSwiftPackageReference;
			relativePath = Packages/CoreModels;
		};
		AA57C0DE0000000000000001 /* XCLocalSwiftPackageReference "Packages/AppStorageKeys" */ = {
			isa = XCLocalSwiftPackageReference;
			relativePath = Packages/AppStorageKeys;
		};
		AA57C0DE000000000000010D /* XCLocalSwiftPackageReference "Packages/Localization" */ = {
			isa = XCLocalSwiftPackageReference;
			relativePath = Packages/Localization;
		};
/* End XCLocalSwiftPackageReference section */

/* Begin XCSwiftPackageProductDependency section */
		A67BD154B7CFF0B05EB44CD5 /* AppFeature */ = {
			isa = XCSwiftPackageProductDependency;
			package = 90FCD94F32F3B857A85228E6 /* XCLocalSwiftPackageReference "Packages/AppFeature" */;
			productName = AppFeature;
		};
		AA57C0DE0000000000000002 /* AppStorageKeys */ = {
			isa = XCSwiftPackageProductDependency;
			package = AA57C0DE0000000000000001 /* XCLocalSwiftPackageReference "Packages/AppStorageKeys" */;
			productName = AppStorageKeys;
		};
		AA57C0DE000000000000010B /* CoreModels */ = {
			isa = XCSwiftPackageProductDependency;
			package = 974951B43C4BA4F4EB913E77 /* XCLocalSwiftPackageReference "Packages/CoreModels" */;
			productName = CoreModels;
		};
		AA57C0DE000000000000010E /* Localization */ = {
			isa = XCSwiftPackageProductDependency;
			package = AA57C0DE000000000000010D /* XCLocalSwiftPackageReference "Packages/Localization" */;
			productName = Localization;
		};
		EFD970C42E1F1E6EDE43FC98 /* DesignSystem */ = {
			isa = XCSwiftPackageProductDependency;
			package = 35246AB1105AFACBA9A20B9E /* XCLocalSwiftPackageReference "Packages/DesignSystem" */;
			productName = DesignSystem;
		};
/* End XCSwiftPackageProductDependency section */
	};
	rootObject = 292E4690303C3E8F003CDCA4 /* Project object */;
}
